// !$*UTF8*$!
{
	archiveVersion = 1;
	classes = {
	};
	objectVersion = 46;
	objects = {

/* Begin PBXBuildFile section */
		0A0E1D841EE1895D0050B282 /* AddCategoryViewController.swift in Sources */ = {isa = PBXBuildFile; fileRef = 0A0E1D831EE1895D0050B282 /* AddCategoryViewController.swift */; };
		0A0E1D861EE18DAA0050B282 /* AddWalletViewController.swift in Sources */ = {isa = PBXBuildFile; fileRef = 0A0E1D851EE18DAA0050B282 /* AddWalletViewController.swift */; };
		0A384E5C1EDC7CFF006CEAA9 /* AppDelegate.swift in Sources */ = {isa = PBXBuildFile; fileRef = 0A384E5B1EDC7CFF006CEAA9 /* AppDelegate.swift */; };
		0A384E631EDC7CFF006CEAA9 /* Main.storyboard in Resources */ = {isa = PBXBuildFile; fileRef = 0A384E611EDC7CFF006CEAA9 /* Main.storyboard */; };
		0A384E651EDC7CFF006CEAA9 /* Assets.xcassets in Resources */ = {isa = PBXBuildFile; fileRef = 0A384E641EDC7CFF006CEAA9 /* Assets.xcassets */; };
		0A384E681EDC7CFF006CEAA9 /* LaunchScreen.storyboard in Resources */ = {isa = PBXBuildFile; fileRef = 0A384E661EDC7CFF006CEAA9 /* LaunchScreen.storyboard */; };
		0A384E7B1EDC7D51006CEAA9 /* FileManagerExtension.swift in Sources */ = {isa = PBXBuildFile; fileRef = 0A384E721EDC7D51006CEAA9 /* FileManagerExtension.swift */; };
		0A384E7C1EDC7D51006CEAA9 /* NotificationExtension.swift in Sources */ = {isa = PBXBuildFile; fileRef = 0A384E731EDC7D51006CEAA9 /* NotificationExtension.swift */; };
		0A384E7D1EDC7D51006CEAA9 /* SimpleTypeExtension.swift in Sources */ = {isa = PBXBuildFile; fileRef = 0A384E741EDC7D51006CEAA9 /* SimpleTypeExtension.swift */; };
		0A384E7E1EDC7D51006CEAA9 /* UIExtension.swift in Sources */ = {isa = PBXBuildFile; fileRef = 0A384E751EDC7D51006CEAA9 /* UIExtension.swift */; };
		0A384E801EDC7D51006CEAA9 /* SQLite.swift in Sources */ = {isa = PBXBuildFile; fileRef = 0A384E781EDC7D51006CEAA9 /* SQLite.swift */; };
		0A384E831EDC7E42006CEAA9 /* libsqlite3.tbd in Frameworks */ = {isa = PBXBuildFile; fileRef = 0A384E821EDC7E42006CEAA9 /* libsqlite3.tbd */; };
		0A384E861EDCC239006CEAA9 /* BookViewController.swift in Sources */ = {isa = PBXBuildFile; fileRef = 0A384E851EDCC239006CEAA9 /* BookViewController.swift */; };
		0A384E881EDCC24E006CEAA9 /* WalletViewController.swift in Sources */ = {isa = PBXBuildFile; fileRef = 0A384E871EDCC24E006CEAA9 /* WalletViewController.swift */; };
		0A384E8A1EDCC275006CEAA9 /* StatisticsViewController.swift in Sources */ = {isa = PBXBuildFile; fileRef = 0A384E891EDCC275006CEAA9 /* StatisticsViewController.swift */; };
		0A384E8E1EDCC319006CEAA9 /* AddTransaction ViewController.swift in Sources */ = {isa = PBXBuildFile; fileRef = 0A384E8D1EDCC319006CEAA9 /* AddTransaction ViewController.swift */; };
		0A384E901EDCC648006CEAA9 /* SearchTransactionViewController.swift in Sources */ = {isa = PBXBuildFile; fileRef = 0A384E8F1EDCC648006CEAA9 /* SearchTransactionViewController.swift */; };
		0A384E921EDCD0BB006CEAA9 /* SelectTimeRange_ViewController.swift in Sources */ = {isa = PBXBuildFile; fileRef = 0A384E911EDCD0BB006CEAA9 /* SelectTimeRange_ViewController.swift */; };
		0A384E941EDCDF57006CEAA9 /* SelectWallet_ViewController.swift in Sources */ = {isa = PBXBuildFile; fileRef = 0A384E931EDCDF57006CEAA9 /* SelectWallet_ViewController.swift */; };
		0A39DC571EE06C3E00EE8917 /* AddAmountCell.swift in Sources */ = {isa = PBXBuildFile; fileRef = 0A39DC561EE06C3E00EE8917 /* AddAmountCell.swift */; };
		0A39DC591EE0701200EE8917 /* SelectCategoryCell.swift in Sources */ = {isa = PBXBuildFile; fileRef = 0A39DC581EE0701200EE8917 /* SelectCategoryCell.swift */; };
		0A39DC5B1EE0705400EE8917 /* AddNodeCell.swift in Sources */ = {isa = PBXBuildFile; fileRef = 0A39DC5A1EE0705400EE8917 /* AddNodeCell.swift */; };
		0A39DC5D1EE070AB00EE8917 /* ChangeTimeCell.swift in Sources */ = {isa = PBXBuildFile; fileRef = 0A39DC5C1EE070AB00EE8917 /* ChangeTimeCell.swift */; };
		0A39DC5F1EE070BC00EE8917 /* SelectWalletCell.swift in Sources */ = {isa = PBXBuildFile; fileRef = 0A39DC5E1EE070BC00EE8917 /* SelectWalletCell.swift */; };
		0A39DC611EE08B5000EE8917 /* CategoryViewController.swift in Sources */ = {isa = PBXBuildFile; fileRef = 0A39DC601EE08B5000EE8917 /* CategoryViewController.swift */; };
		0A39DC641EE09D0700EE8917 /* CategoryCell.swift in Sources */ = {isa = PBXBuildFile; fileRef = 0A39DC631EE09D0700EE8917 /* CategoryCell.swift */; };
		0A39DC661EE0A78C00EE8917 /* Global variable.swift in Sources */ = {isa = PBXBuildFile; fileRef = 0A39DC651EE0A78C00EE8917 /* Global variable.swift */; };
		0A39DC681EE0BFCE00EE8917 /* AllWalletCell.swift in Sources */ = {isa = PBXBuildFile; fileRef = 0A39DC671EE0BFCE00EE8917 /* AllWalletCell.swift */; };
		0A39DC6A1EE0BFED00EE8917 /* WalletCell.swift in Sources */ = {isa = PBXBuildFile; fileRef = 0A39DC691EE0BFED00EE8917 /* WalletCell.swift */; };
		0A4D56A51EDDC9E80009779A /* BookHeaderCell.swift in Sources */ = {isa = PBXBuildFile; fileRef = 0A4D56A41EDDC9E80009779A /* BookHeaderCell.swift */; };
		0A4D56A71EDDCA260009779A /* BookTransactionCell.swift in Sources */ = {isa = PBXBuildFile; fileRef = 0A4D56A61EDDCA260009779A /* BookTransactionCell.swift */; };
		0A799C2D1EDF3F8200A22A0C /* Transaction.swift in Sources */ = {isa = PBXBuildFile; fileRef = 0A799C2C1EDF3F8200A22A0C /* Transaction.swift */; };
		0A799C2F1EDF3FA300A22A0C /* Budget.swift in Sources */ = {isa = PBXBuildFile; fileRef = 0A799C2E1EDF3FA300A22A0C /* Budget.swift */; };
		0A799C311EDF3FD000A22A0C /* Category.swift in Sources */ = {isa = PBXBuildFile; fileRef = 0A799C301EDF3FD000A22A0C /* Category.swift */; };
		0A799C351EDF3FFF00A22A0C /* Wallet.swift in Sources */ = {isa = PBXBuildFile; fileRef = 0A799C341EDF3FFF00A22A0C /* Wallet.swift */; };
		0A799C371EDF402400A22A0C /* Currency.swift in Sources */ = {isa = PBXBuildFile; fileRef = 0A799C361EDF402400A22A0C /* Currency.swift */; };
		0A799C391EDF514A00A22A0C /* YourWallet-DB.sqlite in Resources */ = {isa = PBXBuildFile; fileRef = 0A799C381EDF514A00A22A0C /* YourWallet-DB.sqlite */; };
		0A799C3E1EDF9F8C00A22A0C /* MoreViewController.swift in Sources */ = {isa = PBXBuildFile; fileRef = 0A799C3D1EDF9F8C00A22A0C /* MoreViewController.swift */; };
		0A9746D11EE2D39700B25346 /* TabBarViewController.swift in Sources */ = {isa = PBXBuildFile; fileRef = 0A9746D01EE2D39700B25346 /* TabBarViewController.swift */; };
		0AEB3E7A1EE2657300359619 /* SelectTimeViewController.swift in Sources */ = {isa = PBXBuildFile; fileRef = 0AEB3E791EE2657300359619 /* SelectTimeViewController.swift */; };
/* End PBXBuildFile section */

/* Begin PBXFileReference section */
		0A0E1D831EE1895D0050B282 /* AddCategoryViewController.swift */ = {isa = PBXFileReference; fileEncoding = 4; lastKnownFileType = sourcecode.swift; path = AddCategoryViewController.swift; sourceTree = "<group>"; };
		0A0E1D851EE18DAA0050B282 /* AddWalletViewController.swift */ = {isa = PBXFileReference; fileEncoding = 4; lastKnownFileType = sourcecode.swift; path = AddWalletViewController.swift; sourceTree = "<group>"; };
		0A384E581EDC7CFF006CEAA9 /* YourWallet.app */ = {isa = PBXFileReference; explicitFileType = wrapper.application; includeInIndex = 0; path = YourWallet.app; sourceTree = BUILT_PRODUCTS_DIR; };
		0A384E5B1EDC7CFF006CEAA9 /* AppDelegate.swift */ = {isa = PBXFileReference; lastKnownFileType = sourcecode.swift; path = AppDelegate.swift; sourceTree = "<group>"; };
		0A384E621EDC7CFF006CEAA9 /* Base */ = {isa = PBXFileReference; lastKnownFileType = file.storyboard; name = Base; path = Base.lproj/Main.storyboard; sourceTree = "<group>"; };
		0A384E641EDC7CFF006CEAA9 /* Assets.xcassets */ = {isa = PBXFileReference; lastKnownFileType = folder.assetcatalog; path = Assets.xcassets; sourceTree = "<group>"; };
		0A384E671EDC7CFF006CEAA9 /* Base */ = {isa = PBXFileReference; lastKnownFileType = file.storyboard; name = Base; path = Base.lproj/LaunchScreen.storyboard; sourceTree = "<group>"; };
		0A384E691EDC7CFF006CEAA9 /* Info.plist */ = {isa = PBXFileReference; lastKnownFileType = text.plist.xml; path = Info.plist; sourceTree = "<group>"; };
		0A384E721EDC7D51006CEAA9 /* FileManagerExtension.swift */ = {isa = PBXFileReference; fileEncoding = 4; lastKnownFileType = sourcecode.swift; path = FileManagerExtension.swift; sourceTree = "<group>"; };
		0A384E731EDC7D51006CEAA9 /* NotificationExtension.swift */ = {isa = PBXFileReference; fileEncoding = 4; lastKnownFileType = sourcecode.swift; path = NotificationExtension.swift; sourceTree = "<group>"; };
		0A384E741EDC7D51006CEAA9 /* SimpleTypeExtension.swift */ = {isa = PBXFileReference; fileEncoding = 4; lastKnownFileType = sourcecode.swift; path = SimpleTypeExtension.swift; sourceTree = "<group>"; };
		0A384E751EDC7D51006CEAA9 /* UIExtension.swift */ = {isa = PBXFileReference; fileEncoding = 4; lastKnownFileType = sourcecode.swift; path = UIExtension.swift; sourceTree = "<group>"; };
		0A384E781EDC7D51006CEAA9 /* SQLite.swift */ = {isa = PBXFileReference; fileEncoding = 4; lastKnownFileType = sourcecode.swift; path = SQLite.swift; sourceTree = "<group>"; };
		0A384E821EDC7E42006CEAA9 /* libsqlite3.tbd */ = {isa = PBXFileReference; lastKnownFileType = "sourcecode.text-based-dylib-definition"; name = libsqlite3.tbd; path = usr/lib/libsqlite3.tbd; sourceTree = SDKROOT; };
		0A384E841EDC7EAA006CEAA9 /* SQLite_Briding_header.h */ = {isa = PBXFileReference; lastKnownFileType = sourcecode.c.h; path = SQLite_Briding_header.h; sourceTree = "<group>"; };
		0A384E851EDCC239006CEAA9 /* BookViewController.swift */ = {isa = PBXFileReference; fileEncoding = 4; lastKnownFileType = sourcecode.swift; path = BookViewController.swift; sourceTree = "<group>"; };
		0A384E871EDCC24E006CEAA9 /* WalletViewController.swift */ = {isa = PBXFileReference; fileEncoding = 4; lastKnownFileType = sourcecode.swift; path = WalletViewController.swift; sourceTree = "<group>"; };
		0A384E891EDCC275006CEAA9 /* StatisticsViewController.swift */ = {isa = PBXFileReference; fileEncoding = 4; lastKnownFileType = sourcecode.swift; path = StatisticsViewController.swift; sourceTree = "<group>"; };
		0A384E8D1EDCC319006CEAA9 /* AddTransaction ViewController.swift */ = {isa = PBXFileReference; fileEncoding = 4; lastKnownFileType = sourcecode.swift; path = "AddTransaction ViewController.swift"; sourceTree = "<group>"; };
		0A384E8F1EDCC648006CEAA9 /* SearchTransactionViewController.swift */ = {isa = PBXFileReference; fileEncoding = 4; lastKnownFileType = sourcecode.swift; path = SearchTransactionViewController.swift; sourceTree = "<group>"; };
		0A384E911EDCD0BB006CEAA9 /* SelectTimeRange_ViewController.swift */ = {isa = PBXFileReference; fileEncoding = 4; lastKnownFileType = sourcecode.swift; path = SelectTimeRange_ViewController.swift; sourceTree = "<group>"; };
		0A384E931EDCDF57006CEAA9 /* SelectWallet_ViewController.swift */ = {isa = PBXFileReference; fileEncoding = 4; lastKnownFileType = sourcecode.swift; path = SelectWallet_ViewController.swift; sourceTree = "<group>"; };
		0A39DC561EE06C3E00EE8917 /* AddAmountCell.swift */ = {isa = PBXFileReference; fileEncoding = 4; lastKnownFileType = sourcecode.swift; path = AddAmountCell.swift; sourceTree = "<group>"; };
		0A39DC581EE0701200EE8917 /* SelectCategoryCell.swift */ = {isa = PBXFileReference; fileEncoding = 4; lastKnownFileType = sourcecode.swift; path = SelectCategoryCell.swift; sourceTree = "<group>"; };
		0A39DC5A1EE0705400EE8917 /* AddNodeCell.swift */ = {isa = PBXFileReference; fileEncoding = 4; lastKnownFileType = sourcecode.swift; path = AddNodeCell.swift; sourceTree = "<group>"; };
		0A39DC5C1EE070AB00EE8917 /* ChangeTimeCell.swift */ = {isa = PBXFileReference; fileEncoding = 4; lastKnownFileType = sourcecode.swift; path = ChangeTimeCell.swift; sourceTree = "<group>"; };
		0A39DC5E1EE070BC00EE8917 /* SelectWalletCell.swift */ = {isa = PBXFileReference; fileEncoding = 4; lastKnownFileType = sourcecode.swift; path = SelectWalletCell.swift; sourceTree = "<group>"; };
		0A39DC601EE08B5000EE8917 /* CategoryViewController.swift */ = {isa = PBXFileReference; fileEncoding = 4; lastKnownFileType = sourcecode.swift; path = CategoryViewController.swift; sourceTree = "<group>"; };
		0A39DC631EE09D0700EE8917 /* CategoryCell.swift */ = {isa = PBXFileReference; fileEncoding = 4; lastKnownFileType = sourcecode.swift; path = CategoryCell.swift; sourceTree = "<group>"; };
		0A39DC651EE0A78C00EE8917 /* Global variable.swift */ = {isa = PBXFileReference; fileEncoding = 4; lastKnownFileType = sourcecode.swift; path = "Global variable.swift"; sourceTree = "<group>"; };
		0A39DC671EE0BFCE00EE8917 /* AllWalletCell.swift */ = {isa = PBXFileReference; fileEncoding = 4; lastKnownFileType = sourcecode.swift; path = AllWalletCell.swift; sourceTree = "<group>"; };
		0A39DC691EE0BFED00EE8917 /* WalletCell.swift */ = {isa = PBXFileReference; fileEncoding = 4; lastKnownFileType = sourcecode.swift; path = WalletCell.swift; sourceTree = "<group>"; };
		0A4D56A41EDDC9E80009779A /* BookHeaderCell.swift */ = {isa = PBXFileReference; fileEncoding = 4; lastKnownFileType = sourcecode.swift; path = BookHeaderCell.swift; sourceTree = "<group>"; };
		0A4D56A61EDDCA260009779A /* BookTransactionCell.swift */ = {isa = PBXFileReference; fileEncoding = 4; lastKnownFileType = sourcecode.swift; path = BookTransactionCell.swift; sourceTree = "<group>"; };
		0A799C2C1EDF3F8200A22A0C /* Transaction.swift */ = {isa = PBXFileReference; fileEncoding = 4; lastKnownFileType = sourcecode.swift; path = Transaction.swift; sourceTree = "<group>"; };
		0A799C2E1EDF3FA300A22A0C /* Budget.swift */ = {isa = PBXFileReference; fileEncoding = 4; lastKnownFileType = sourcecode.swift; path = Budget.swift; sourceTree = "<group>"; };
		0A799C301EDF3FD000A22A0C /* Category.swift */ = {isa = PBXFileReference; fileEncoding = 4; lastKnownFileType = sourcecode.swift; path = Category.swift; sourceTree = "<group>"; };
		0A799C341EDF3FFF00A22A0C /* Wallet.swift */ = {isa = PBXFileReference; fileEncoding = 4; lastKnownFileType = sourcecode.swift; path = Wallet.swift; sourceTree = "<group>"; };
		0A799C361EDF402400A22A0C /* Currency.swift */ = {isa = PBXFileReference; fileEncoding = 4; lastKnownFileType = sourcecode.swift; path = Currency.swift; sourceTree = "<group>"; };
		0A799C381EDF514A00A22A0C /* YourWallet-DB.sqlite */ = {isa = PBXFileReference; lastKnownFileType = file; path = "YourWallet-DB.sqlite"; sourceTree = "<group>"; };
		0A799C3D1EDF9F8C00A22A0C /* MoreViewController.swift */ = {isa = PBXFileReference; fileEncoding = 4; lastKnownFileType = sourcecode.swift; path = MoreViewController.swift; sourceTree = "<group>"; };
		0A9746D01EE2D39700B25346 /* TabBarViewController.swift */ = {isa = PBXFileReference; fileEncoding = 4; lastKnownFileType = sourcecode.swift; path = TabBarViewController.swift; sourceTree = "<group>"; };
		0AEB3E791EE2657300359619 /* SelectTimeViewController.swift */ = {isa = PBXFileReference; fileEncoding = 4; lastKnownFileType = sourcecode.swift; path = SelectTimeViewController.swift; sourceTree = "<group>"; };
/* End PBXFileReference section */

/* Begin PBXFrameworksBuildPhase section */
		0A384E551EDC7CFF006CEAA9 /* Frameworks */ = {
			isa = PBXFrameworksBuildPhase;
			buildActionMask = 2147483647;
			files = (
				0A384E831EDC7E42006CEAA9 /* libsqlite3.tbd in Frameworks */,
			);
			runOnlyForDeploymentPostprocessing = 0;
		};
/* End PBXFrameworksBuildPhase section */

/* Begin PBXGroup section */
		0A384E4F1EDC7CFF006CEAA9 = {
			isa = PBXGroup;
			children = (
				0A384E5A1EDC7CFF006CEAA9 /* YourWallet */,
				0A384E591EDC7CFF006CEAA9 /* Products */,
				0A384E811EDC7E42006CEAA9 /* Frameworks */,
			);
			sourceTree = "<group>";
		};
		0A384E591EDC7CFF006CEAA9 /* Products */ = {
			isa = PBXGroup;
			children = (
				0A384E581EDC7CFF006CEAA9 /* YourWallet.app */,
			);
			name = Products;
			sourceTree = "<group>";
		};
		0A384E5A1EDC7CFF006CEAA9 /* YourWallet */ = {
			isa = PBXGroup;
			children = (
				0A384E6F1EDC7D51006CEAA9 /* Class */,
				0A384E701EDC7D51006CEAA9 /* Controller */,
				0A384E711EDC7D51006CEAA9 /* Helper */,
				0A384E761EDC7D51006CEAA9 /* Model */,
				0A384E7A1EDC7D51006CEAA9 /* View */,
				0A384E5B1EDC7CFF006CEAA9 /* AppDelegate.swift */,
				0A384E611EDC7CFF006CEAA9 /* Main.storyboard */,
				0A384E641EDC7CFF006CEAA9 /* Assets.xcassets */,
				0A384E661EDC7CFF006CEAA9 /* LaunchScreen.storyboard */,
				0A384E691EDC7CFF006CEAA9 /* Info.plist */,
			);
			path = YourWallet;
			sourceTree = "<group>";
		};
		0A384E6F1EDC7D51006CEAA9 /* Class */ = {
			isa = PBXGroup;
			children = (
				0A799C2C1EDF3F8200A22A0C /* Transaction.swift */,
				0A799C2E1EDF3FA300A22A0C /* Budget.swift */,
				0A799C301EDF3FD000A22A0C /* Category.swift */,
				0A799C341EDF3FFF00A22A0C /* Wallet.swift */,
				0A799C361EDF402400A22A0C /* Currency.swift */,
			);
			path = Class;
			sourceTree = "<group>";
		};
		0A384E701EDC7D51006CEAA9 /* Controller */ = {
			isa = PBXGroup;
			children = (
				0A4D56A81EDDCA300009779A /* Book */,
				0A39DC621EE08B5900EE8917 /* Category */,
				0AEB3E781EE2570E00359619 /* More */,
				0A799C3A1EDF872B00A22A0C /* Wallet */,
				0A799C3B1EDF875000A22A0C /* Statistics */,
				0A799C3C1EDF87BE00A22A0C /* Transaction */,
			);
			path = Controller;
			sourceTree = "<group>";
		};
		0A384E711EDC7D51006CEAA9 /* Helper */ = {
			isa = PBXGroup;
			children = (
				0A384E721EDC7D51006CEAA9 /* FileManagerExtension.swift */,
				0A384E731EDC7D51006CEAA9 /* NotificationExtension.swift */,
				0A384E741EDC7D51006CEAA9 /* SimpleTypeExtension.swift */,
				0A384E751EDC7D51006CEAA9 /* UIExtension.swift */,
				0A39DC651EE0A78C00EE8917 /* Global variable.swift */,
			);
			path = Helper;
			sourceTree = "<group>";
		};
		0A384E761EDC7D51006CEAA9 /* Model */ = {
			isa = PBXGroup;
			children = (
				0A799C381EDF514A00A22A0C /* YourWallet-DB.sqlite */,
				0A384E781EDC7D51006CEAA9 /* SQLite.swift */,
				0A384E841EDC7EAA006CEAA9 /* SQLite_Briding_header.h */,
			);
			path = Model;
			sourceTree = "<group>";
		};
		0A384E7A1EDC7D51006CEAA9 /* View */ = {
			isa = PBXGroup;
			children = (
				0A9746D01EE2D39700B25346 /* TabBarViewController.swift */,
			);
			path = View;
			sourceTree = "<group>";
		};
		0A384E811EDC7E42006CEAA9 /* Frameworks */ = {
			isa = PBXGroup;
			children = (
				0A384E821EDC7E42006CEAA9 /* libsqlite3.tbd */,
			);
			name = Frameworks;
			sourceTree = "<group>";
		};
		0A39DC621EE08B5900EE8917 /* Category */ = {
			isa = PBXGroup;
			children = (
				0A39DC601EE08B5000EE8917 /* CategoryViewController.swift */,
				0A39DC631EE09D0700EE8917 /* CategoryCell.swift */,
				0A0E1D831EE1895D0050B282 /* AddCategoryViewController.swift */,
			);
			name = Category;
			sourceTree = "<group>";
		};
		0A4D56A81EDDCA300009779A /* Book */ = {
			isa = PBXGroup;
			children = (
				0A384E851EDCC239006CEAA9 /* BookViewController.swift */,
				0A4D56A41EDDC9E80009779A /* BookHeaderCell.swift */,
				0A4D56A61EDDCA260009779A /* BookTransactionCell.swift */,
			);
			name = Book;
			sourceTree = "<group>";
		};
		0A799C3A1EDF872B00A22A0C /* Wallet */ = {
			isa = PBXGroup;
			children = (
				0A384E871EDCC24E006CEAA9 /* WalletViewController.swift */,
				0A384E931EDCDF57006CEAA9 /* SelectWallet_ViewController.swift */,
				0A39DC671EE0BFCE00EE8917 /* AllWalletCell.swift */,
				0A39DC691EE0BFED00EE8917 /* WalletCell.swift */,
				0A0E1D851EE18DAA0050B282 /* AddWalletViewController.swift */,
			);
			name = Wallet;
			sourceTree = "<group>";
		};
		0A799C3B1EDF875000A22A0C /* Statistics */ = {
			isa = PBXGroup;
			children = (
				0A384E891EDCC275006CEAA9 /* StatisticsViewController.swift */,
				0A384E911EDCD0BB006CEAA9 /* SelectTimeRange_ViewController.swift */,
			);
			name = Statistics;
			sourceTree = "<group>";
		};
		0A799C3C1EDF87BE00A22A0C /* Transaction */ = {
			isa = PBXGroup;
			children = (
				0A384E8D1EDCC319006CEAA9 /* AddTransaction ViewController.swift */,
				0A384E8F1EDCC648006CEAA9 /* SearchTransactionViewController.swift */,
				0A39DC561EE06C3E00EE8917 /* AddAmountCell.swift */,
				0A39DC581EE0701200EE8917 /* SelectCategoryCell.swift */,
				0A39DC5A1EE0705400EE8917 /* AddNodeCell.swift */,
				0A39DC5C1EE070AB00EE8917 /* ChangeTimeCell.swift */,
				0A39DC5E1EE070BC00EE8917 /* SelectWalletCell.swift */,
				0AEB3E791EE2657300359619 /* SelectTimeViewController.swift */,
			);
			name = Transaction;
			sourceTree = "<group>";
		};
		0AEB3E781EE2570E00359619 /* More */ = {
			isa = PBXGroup;
			children = (
				0A799C3D1EDF9F8C00A22A0C /* MoreViewController.swift */,
			);
			name = More;
			sourceTree = "<group>";
		};
/* End PBXGroup section */

/* Begin PBXNativeTarget section */
		0A384E571EDC7CFF006CEAA9 /* YourWallet */ = {
			isa = PBXNativeTarget;
			buildConfigurationList = 0A384E6C1EDC7CFF006CEAA9 /* Build configuration list for PBXNativeTarget "YourWallet" */;
			buildPhases = (
				0A384E541EDC7CFF006CEAA9 /* Sources */,
				0A384E551EDC7CFF006CEAA9 /* Frameworks */,
				0A384E561EDC7CFF006CEAA9 /* Resources */,
			);
			buildRules = (
			);
			dependencies = (
			);
			name = YourWallet;
			productName = YourWallet;
			productReference = 0A384E581EDC7CFF006CEAA9 /* YourWallet.app */;
			productType = "com.apple.product-type.application";
		};
/* End PBXNativeTarget section */

/* Begin PBXProject section */
		0A384E501EDC7CFF006CEAA9 /* Project object */ = {
			isa = PBXProject;
			attributes = {
				LastSwiftUpdateCheck = 0830;
				LastUpgradeCheck = 0830;
				ORGANIZATIONNAME = "Tran Van Dong";
				TargetAttributes = {
					0A384E571EDC7CFF006CEAA9 = {
						CreatedOnToolsVersion = 8.3.2;
						DevelopmentTeam = 49B65JV2Q3;
						ProvisioningStyle = Automatic;
					};
				};
			};
			buildConfigurationList = 0A384E531EDC7CFF006CEAA9 /* Build configuration list for PBXProject "YourWallet" */;
			compatibilityVersion = "Xcode 3.2";
			developmentRegion = English;
			hasScannedForEncodings = 0;
			knownRegions = (
				en,
				Base,
			);
			mainGroup = 0A384E4F1EDC7CFF006CEAA9;
			productRefGroup = 0A384E591EDC7CFF006CEAA9 /* Products */;
			projectDirPath = "";
			projectRoot = "";
			targets = (
				0A384E571EDC7CFF006CEAA9 /* YourWallet */,
			);
		};
/* End PBXProject section */

/* Begin PBXResourcesBuildPhase section */
		0A384E561EDC7CFF006CEAA9 /* Resources */ = {
			isa = PBXResourcesBuildPhase;
			buildActionMask = 2147483647;
			files = (
				0A384E681EDC7CFF006CEAA9 /* LaunchScreen.storyboard in Resources */,
				0A799C391EDF514A00A22A0C /* YourWallet-DB.sqlite in Resources */,
				0A384E651EDC7CFF006CEAA9 /* Assets.xcassets in Resources */,
				0A384E631EDC7CFF006CEAA9 /* Main.storyboard in Resources */,
			);
			runOnlyForDeploymentPostprocessing = 0;
		};
/* End PBXResourcesBuildPhase section */

/* Begin PBXSourcesBuildPhase section */
		0A384E541EDC7CFF006CEAA9 /* Sources */ = {
			isa = PBXSourcesBuildPhase;
			buildActionMask = 2147483647;
			files = (
				0A0E1D841EE1895D0050B282 /* AddCategoryViewController.swift in Sources */,
				0A39DC5D1EE070AB00EE8917 /* ChangeTimeCell.swift in Sources */,
				0A799C3E1EDF9F8C00A22A0C /* MoreViewController.swift in Sources */,
				0A384E7C1EDC7D51006CEAA9 /* NotificationExtension.swift in Sources */,
				0A39DC641EE09D0700EE8917 /* CategoryCell.swift in Sources */,
				0A384E801EDC7D51006CEAA9 /* SQLite.swift in Sources */,
				0A39DC5B1EE0705400EE8917 /* AddNodeCell.swift in Sources */,
				0A39DC661EE0A78C00EE8917 /* Global variable.swift in Sources */,
				0A799C311EDF3FD000A22A0C /* Category.swift in Sources */,
				0A39DC681EE0BFCE00EE8917 /* AllWalletCell.swift in Sources */,
				0A384E7B1EDC7D51006CEAA9 /* FileManagerExtension.swift in Sources */,
				0A39DC571EE06C3E00EE8917 /* AddAmountCell.swift in Sources */,
				0A384E941EDCDF57006CEAA9 /* SelectWallet_ViewController.swift in Sources */,
				0A384E7E1EDC7D51006CEAA9 /* UIExtension.swift in Sources */,
				0A799C371EDF402400A22A0C /* Currency.swift in Sources */,
				0A4D56A71EDDCA260009779A /* BookTransactionCell.swift in Sources */,
				0A799C2D1EDF3F8200A22A0C /* Transaction.swift in Sources */,
				0A4D56A51EDDC9E80009779A /* BookHeaderCell.swift in Sources */,
				0A9746D11EE2D39700B25346 /* TabBarViewController.swift in Sources */,
				0A39DC5F1EE070BC00EE8917 /* SelectWalletCell.swift in Sources */,
				0A384E8A1EDCC275006CEAA9 /* StatisticsViewController.swift in Sources */,
				0A39DC611EE08B5000EE8917 /* CategoryViewController.swift in Sources */,
				0A384E5C1EDC7CFF006CEAA9 /* AppDelegate.swift in Sources */,
				0A384E861EDCC239006CEAA9 /* BookViewController.swift in Sources */,
				0A384E7D1EDC7D51006CEAA9 /* SimpleTypeExtension.swift in Sources */,
				0A384E881EDCC24E006CEAA9 /* WalletViewController.swift in Sources */,
				0AEB3E7A1EE2657300359619 /* SelectTimeViewController.swift in Sources */,
				0A0E1D861EE18DAA0050B282 /* AddWalletViewController.swift in Sources */,
				0A799C351EDF3FFF00A22A0C /* Wallet.swift in Sources */,
				0A39DC591EE0701200EE8917 /* SelectCategoryCell.swift in Sources */,
				0A384E921EDCD0BB006CEAA9 /* SelectTimeRange_ViewController.swift in Sources */,
				0A799C2F1EDF3FA300A22A0C /* Budget.swift in Sources */,
				0A384E8E1EDCC319006CEAA9 /* AddTransaction ViewController.swift in Sources */,
				0A39DC6A1EE0BFED00EE8917 /* WalletCell.swift in Sources */,
				0A384E901EDCC648006CEAA9 /* SearchTransactionViewController.swift in Sources */,
			);
			runOnlyForDeploymentPostprocessing = 0;
		};
/* End PBXSourcesBuildPhase section */

/* Begin PBXVariantGroup section */
		0A384E611EDC7CFF006CEAA9 /* Main.storyboard */ = {
			isa = PBXVariantGroup;
			children = (
				0A384E621EDC7CFF006CEAA9 /* Base */,
			);
			name = Main.storyboard;
			sourceTree = "<group>";
		};
		0A384E661EDC7CFF006CEAA9 /* LaunchScreen.storyboard */ = {
			isa = PBXVariantGroup;
			children = (
				0A384E671EDC7CFF006CEAA9 /* Base */,
			);
			name = LaunchScreen.storyboard;
			sourceTree = "<group>";
		};
/* End PBXVariantGroup section */

/* Begin XCBuildConfiguration section */
		0A384E6A1EDC7CFF006CEAA9 /* Debug */ = {
			isa = XCBuildConfiguration;
			buildSettings = {
				ALWAYS_SEARCH_USER_PATHS = NO;
				CLANG_ANALYZER_NONNULL = YES;
				CLANG_ANALYZER_NUMBER_OBJECT_CONVERSION = YES_AGGRESSIVE;
				CLANG_CXX_LANGUAGE_STANDARD = "gnu++0x";
				CLANG_CXX_LIBRARY = "libc++";
				CLANG_ENABLE_MODULES = YES;
				CLANG_ENABLE_OBJC_ARC = YES;
				CLANG_WARN_BOOL_CONVERSION = YES;
				CLANG_WARN_CONSTANT_CONVERSION = YES;
				CLANG_WARN_DIRECT_OBJC_ISA_USAGE = YES_ERROR;
				CLANG_WARN_DOCUMENTATION_COMMENTS = YES;
				CLANG_WARN_EMPTY_BODY = YES;
				CLANG_WARN_ENUM_CONVERSION = YES;
				CLANG_WARN_INFINITE_RECURSION = YES;
				CLANG_WARN_INT_CONVERSION = YES;
				CLANG_WARN_OBJC_ROOT_CLASS = YES_ERROR;
				CLANG_WARN_SUSPICIOUS_MOVE = YES;
				CLANG_WARN_UNREACHABLE_CODE = YES;
				CLANG_WARN__DUPLICATE_METHOD_MATCH = YES;
				"CODE_SIGN_IDENTITY[sdk=iphoneos*]" = "iPhone Developer";
				COPY_PHASE_STRIP = NO;
				DEBUG_INFORMATION_FORMAT = dwarf;
				ENABLE_STRICT_OBJC_MSGSEND = YES;
				ENABLE_TESTABILITY = YES;
				GCC_C_LANGUAGE_STANDARD = gnu99;
				GCC_DYNAMIC_NO_PIC = NO;
				GCC_NO_COMMON_BLOCKS = YES;
				GCC_OPTIMIZATION_LEVEL = 0;
				GCC_PREPROCESSOR_DEFINITIONS = (
					"DEBUG=1",
					"$(inherited)",
				);
				GCC_WARN_64_TO_32_BIT_CONVERSION = YES;
				GCC_WARN_ABOUT_RETURN_TYPE = YES_ERROR;
				GCC_WARN_UNDECLARED_SELECTOR = YES;
				GCC_WARN_UNINITIALIZED_AUTOS = YES_AGGRESSIVE;
				GCC_WARN_UNUSED_FUNCTION = YES;
				GCC_WARN_UNUSED_VARIABLE = YES;
				IPHONEOS_DEPLOYMENT_TARGET = 10.3;
				MTL_ENABLE_DEBUG_INFO = YES;
				ONLY_ACTIVE_ARCH = YES;
				SDKROOT = iphoneos;
				SWIFT_ACTIVE_COMPILATION_CONDITIONS = DEBUG;
				SWIFT_OPTIMIZATION_LEVEL = "-Onone";
				TARGETED_DEVICE_FAMILY = "1,2";
			};
			name = Debug;
		};
		0A384E6B1EDC7CFF006CEAA9 /* Release */ = {
			isa = XCBuildConfiguration;
			buildSettings = {
				ALWAYS_SEARCH_USER_PATHS = NO;
				CLANG_ANALYZER_NONNULL = YES;
				CLANG_ANALYZER_NUMBER_OBJECT_CONVERSION = YES_AGGRESSIVE;
				CLANG_CXX_LANGUAGE_STANDARD = "gnu++0x";
				CLANG_CXX_LIBRARY = "libc++";
				CLANG_ENABLE_MODULES = YES;
				CLANG_ENABLE_OBJC_ARC = YES;
				CLANG_WARN_BOOL_CONVERSION = YES;
				CLANG_WARN_CONSTANT_CONVERSION = YES;
				CLANG_WARN_DIRECT_OBJC_ISA_USAGE = YES_ERROR;
				CLANG_WARN_DOCUMENTATION_COMMENTS = YES;
				CLANG_WARN_EMPTY_BODY = YES;
				CLANG_WARN_ENUM_CONVERSION = YES;
				CLANG_WARN_INFINITE_RECURSION = YES;
				CLANG_WARN_INT_CONVERSION = YES;
				CLANG_WARN_OBJC_ROOT_CLASS = YES_ERROR;
				CLANG_WARN_SUSPICIOUS_MOVE = YES;
				CLANG_WARN_UNREACHABLE_CODE = YES;
				CLANG_WARN__DUPLICATE_METHOD_MATCH = YES;
				"CODE_SIGN_IDENTITY[sdk=iphoneos*]" = "iPhone Developer";
				COPY_PHASE_STRIP = NO;
				DEBUG_INFORMATION_FORMAT = "dwarf-with-dsym";
				ENABLE_NS_ASSERTIONS = NO;
				ENABLE_STRICT_OBJC_MSGSEND = YES;
				GCC_C_LANGUAGE_STANDARD = gnu99;
				GCC_NO_COMMON_BLOCKS = YES;
				GCC_WARN_64_TO_32_BIT_CONVERSION = YES;
				GCC_WARN_ABOUT_RETURN_TYPE = YES_ERROR;
				GCC_WARN_UNDECLARED_SELECTOR = YES;
				GCC_WARN_UNINITIALIZED_AUTOS = YES_AGGRESSIVE;
				GCC_WARN_UNUSED_FUNCTION = YES;
				GCC_WARN_UNUSED_VARIABLE = YES;
				IPHONEOS_DEPLOYMENT_TARGET = 10.3;
				MTL_ENABLE_DEBUG_INFO = NO;
				SDKROOT = iphoneos;
				SWIFT_OPTIMIZATION_LEVEL = "-Owholemodule";
				TARGETED_DEVICE_FAMILY = "1,2";
				VALIDATE_PRODUCT = YES;
			};
			name = Release;
		};
		0A384E6D1EDC7CFF006CEAA9 /* Debug */ = {
			isa = XCBuildConfiguration;
			buildSettings = {
				ASSETCATALOG_COMPILER_APPICON_NAME = AppIcon;
				DEVELOPMENT_TEAM = 49B65JV2Q3;
				INFOPLIST_FILE = YourWallet/Info.plist;
				LD_RUNPATH_SEARCH_PATHS = "$(inherited) @executable_path/Frameworks";
				PRODUCT_BUNDLE_IDENTIFIER = M1412132.YourWallet;
				PRODUCT_NAME = "$(TARGET_NAME)";
				SWIFT_OBJC_BRIDGING_HEADER = YourWallet/Model/SQLite_Briding_header.h;
				SWIFT_VERSION = 3.0;
			};
			name = Debug;
		};
		0A384E6E1EDC7CFF006CEAA9 /* Release */ = {
			isa = XCBuildConfiguration;
			buildSettings = {
				ASSETCATALOG_COMPILER_APPICON_NAME = AppIcon;
				DEVELOPMENT_TEAM = 49B65JV2Q3;
				INFOPLIST_FILE = YourWallet/Info.plist;
				LD_RUNPATH_SEARCH_PATHS = "$(inherited) @executable_path/Frameworks";
				PRODUCT_BUNDLE_IDENTIFIER = M1412132.YourWallet;
				PRODUCT_NAME = "$(TARGET_NAME)";
				SWIFT_OBJC_BRIDGING_HEADER = YourWallet/Model/SQLite_Briding_header.h;
				SWIFT_VERSION = 3.0;
			};
			name = Release;
		};
/* End XCBuildConfiguration section */

/* Begin XCConfigurationList section */
		0A384E531EDC7CFF006CEAA9 /* Build configuration list for PBXProject "YourWallet" */ = {
			isa = XCConfigurationList;
			buildConfigurations = (
				0A384E6A1EDC7CFF006CEAA9 /* Debug */,
				0A384E6B1EDC7CFF006CEAA9 /* Release */,
			);
			defaultConfigurationIsVisible = 0;
			defaultConfigurationName = Release;
		};
		0A384E6C1EDC7CFF006CEAA9 /* Build configuration list for PBXNativeTarget "YourWallet" */ = {
			isa = XCConfigurationList;
			buildConfigurations = (
				0A384E6D1EDC7CFF006CEAA9 /* Debug */,
				0A384E6E1EDC7CFF006CEAA9 /* Release */,
			);
			defaultConfigurationIsVisible = 0;
			defaultConfigurationName = Release;
		};
/* End XCConfigurationList section */
	};
	rootObject = 0A384E501EDC7CFF006CEAA9 /* Project object */;
}
